{"1.2.0",
[{<<"amqp_client">>,{pkg,<<"amqp_client">>,<<"3.8.5">>},0},
 {<<"credentials_obfuscation">>,
  {pkg,<<"credentials_obfuscation">>,<<"2.0.0">>},
  2},
 {<<"goldrush">>,{pkg,<<"goldrush">>,<<"0.1.9">>},1},
 {<<"gproc">>,{pkg,<<"gproc">>,<<"0.8.0">>},0},
 {<<"jsx">>,{pkg,<<"jsx">>,<<"2.11.0">>},0},
 {<<"lager">>,{pkg,<<"lager">>,<<"3.8.0">>},0},
 {<<"poolboy">>,{pkg,<<"poolboy">>,<<"1.5.2">>},0},
 {<<"rabbit_common">>,{pkg,<<"rabbit_common">>,<<"3.8.5">>},1},
 {<<"ranch">>,{pkg,<<"ranch">>,<<"1.7.1">>},2},
 {<<"recon">>,{pkg,<<"recon">>,<<"2.5.1">>},2}]}.
[
{pkg_hash,[
 {<<"amqp_client">>, <<"279A73DCBDC5F797D7874D600A51FAD6A82A716EEC40AB1F25E3497939FC7F2D">>},
 {<<"credentials_obfuscation">>, <<"65425424414B91F85FEB2C8F7E09AF65E91B6E311842E4CA07F6AABE20F5E58C">>},
 {<<"goldrush">>, <<"F06E5D5F1277DA5C413E84D5A2924174182FB108DABB39D5EC548B27424CD106">>},
 {<<"gproc">>, <<"CEA02C578589C61E5341FCE149EA36CCEF236CC2ECAC8691FBA408E7EA77EC2F">>},
 {<<"jsx">>, <<"08154624050333919B4AC1B789667D5F4DB166DC50E190C4D778D1587F102EE0">>},
 {<<"lager">>, <<"3402B9A7E473680CA179FC2F1D827CAB88DD37DD1E6113090C6F45EF05228A1C">>},
 {<<"poolboy">>, <<"392B007A1693A64540CEAD79830443ABF5762F5D30CF50BC95CB2C1AAAFA006B">>},
 {<<"rabbit_common">>, <<"E69C2FDB205A4C709F4F003A91B2044FDAB7E7196220388F57F13AB7187E0AA7">>},
 {<<"ranch">>, <<"6B1FAB51B49196860B733A49C07604465A47BDB78AA10C1C16A3D199F7F8C881">>},
 {<<"recon">>, <<"430FFA60685AC1EFDFB1FE4C97B8767C92D0D92E6E7C3E8621559BA77598678A">>}]},
{pkg_hash_ext,[
 {<<"amqp_client">>, <<"19BC8B22DDD00E5AFA4BD7922090425E86F7AB26EB26A7230426E7637692D5CF">>},
 {<<"credentials_obfuscation">>, <<"0E49139D403B158A3C324A964A765799E0A01D0640040A0EE8229D7E50DB094B">>},
 {<<"goldrush">>, <<"99CB4128CFFCB3227581E5D4D803D5413FA643F4EB96523F77D9E6937D994CEB">>},
 {<<"gproc">>, <<"580ADAFA56463B75263EF5A5DF4C86AF321F68694E7786CB057FD805D1E2A7DE">>},
 {<<"jsx">>, <<"EED26A0D04D217F9EECEFFFB89714452556CF90EB38F290A27A4D45B9988F8C0">>},
 {<<"lager">>, <<"F6CB541B688EAB60730D8D286EB77256A5A9AD06EAC10D43BEAF55D07E68BBB6">>},
 {<<"poolboy">>, <<"DAD79704CE5440F3D5A3681C8590B9DC25D1A561E8F5A9C995281012860901E3">>},
 {<<"rabbit_common">>, <<"28FD016AE6BCC1A5D17953901966EE60DFA48356D98AA88739B6E9D88021A7FD">>},
 {<<"ranch">>, <<"451D8527787DF716D99DC36162FCA05934915DB0B6141BBDAC2EA8D3C7AFC7D7">>},
 {<<"recon">>, <<"5721C6B6D50122D8F68CCCAC712CAA1231F97894BAB779EFF5FF0F886CB44648">>}]}
].
