{"1.2.0",
[{<<"amqp_client">>,{pkg,<<"amqp_client">>,<<"3.11.5">>},0},
 {<<"credentials_obfuscation">>,
  {pkg,<<"credentials_obfuscation">>,<<"3.2.0">>},
  2},
 {<<"gproc">>,{pkg,<<"gproc">>,<<"0.9.0">>},0},
 {<<"jsx">>,{pkg,<<"jsx">>,<<"3.1.0">>},0},
 {<<"poolboy">>,{pkg,<<"poolboy">>,<<"1.5.2">>},0},
 {<<"rabbit_common">>,{pkg,<<"rabbit_common">>,<<"3.11.5">>},1},
 {<<"recon">>,{pkg,<<"recon">>,<<"2.5.2">>},2},
 {<<"thoas">>,{pkg,<<"thoas">>,<<"0.4.0">>},2}]}.
[
{pkg_hash,[
 {<<"amqp_client">>, <<"25398CB19E2CA102CDBBCA734D5BB0E8DC7273C34A3661FE908C63A2EAD8F028">>},
 {<<"credentials_obfuscation">>, <<"BECF48ED7C96938600F88F486031BCBF9B9C4E3353CC314CA131C347C4C7815C">>},
 {<<"gproc">>, <<"853CCB7805E9ADA25D227A157BA966F7B34508F386A3E7E21992B1B484230699">>},
 {<<"jsx">>, <<"D12516BAA0BB23A59BB35DCCAF02A1BD08243FCBB9EFE24F2D9D056CCFF71268">>},
 {<<"poolboy">>, <<"392B007A1693A64540CEAD79830443ABF5762F5D30CF50BC95CB2C1AAAFA006B">>},
 {<<"rabbit_common">>, <<"ABDB098DB8169D93ABAED3B5960843F9FC07707448BEF42C4FF0E94C5CE40038">>},
 {<<"recon">>, <<"CBA53FA8DB83AD968C9A652E09C3ED7DDCC4DA434F27C3EAA9CA47FFB2B1FF03">>},
 {<<"thoas">>, <<"86A72CCDC5EC388A13F9F843BCD6C1076640233B95440E47FFB8E3C0DBDB5A17">>}]},
{pkg_hash_ext,[
 {<<"amqp_client">>, <<"DEC345E180AF31E93341140917F6D961DED3C7B88B2ACA3EB8F77B60E13CF56A">>},
 {<<"credentials_obfuscation">>, <<"FE8ECE91A1BA6C8A08EB1063CFD5B063A723C5FE29A1FAD6B7CBD76CB18D2EEB">>},
 {<<"gproc">>, <<"587E8AF698CCD3504CF4BA8D90F893EDE2B0F58CABB8A916E2BF9321DE3CF10B">>},
 {<<"jsx">>, <<"0C5CC8FDC11B53CC25CF65AC6705AD39E54ECC56D1C22E4ADB8F5A53FB9427F3">>},
 {<<"poolboy">>, <<"DAD79704CE5440F3D5A3681C8590B9DC25D1A561E8F5A9C995281012860901E3">>},
 {<<"rabbit_common">>, <<"FC1BFC533A1308555CB9CA164798E51167B9AB518027597D5A4B9C211DC09573">>},
 {<<"recon">>, <<"2C7523C8DEE91DFF41F6B3D63CBA2BD49EB6D2FE5BF1EEC0DF7F87EB5E230E1C">>},
 {<<"thoas">>, <<"442296847ACA11DB8D25180693D7CA3073D6D7179F66952F07B16415306513B6">>}]}
].
